
Microsoft Visual Studio Solution File, Format Version 12.00
Project("{FAE04EC0-301F-11D3-BF4B-00C04F79EFBC}") = "ASP.NETCoreWebApplication1", "ASP.NETCoreWebApplication1\ASP.NETCoreWebApplication1.csproj", "{2B044EEB-B486-4B26-A02E-934F0E698126}"
EndProject
Global
	GlobalSection(SolutionConfigurationPlatforms) = preSolution
		Debug|Any CPU = Debug|Any CPU
		Release|Any CPU = Release|Any CPU
	EndGlobalSection
	GlobalSection(ProjectConfigurationPlatforms) = postSolution
		{2B044EEB-B486-4B26-A02E-934F0E698126}.Debug|Any CPU.ActiveCfg = Debug|Any CPU
		{2B044EEB-B486-4B26-A02E-934F0E698126}.Debug|Any CPU.Build.0 = Debug|Any CPU
		{2B044EEB-B486-4B26-A02E-934F0E698126}.Release|Any CPU.ActiveCfg = Release|Any CPU
		{2B044EEB-B486-4B26-A02E-934F0E698126}.Release|Any CPU.Build.0 = Release|Any CPU
	EndGlobalSection
EndGlobal
